
Microsoft Visual Studio Solution File, Format Version 12.00
# Visual Studio Version 17
VisualStudioVersion = 17.3.32901.215
MinimumVisualStudioVersion = 10.0.40219.1
Project("{FAE04EC0-301F-11D3-BF4B-00C04F79EFBC}") = "LocalStore", "LocalStore.csproj", "{5FD799D7-82FE-4AB3-A7E9-256A514AFAE8}"
EndProject
Global
	GlobalSection(SolutionConfigurationPlatforms) = preSolution
		Debug|Any CPU = Debug|Any CPU
		Release|Any CPU = Release|Any CPU
	EndGlobalSection
	GlobalSection(ProjectConfigurationPlatforms) = postSolution
		{5FD799D7-82FE-4AB3-A7E9-256A514AFAE8}.Debug|Any CPU.ActiveCfg = Debug|Any CPU
		{5FD799D7-82FE-4AB3-A7E9-256A514AFAE8}.Debug|Any CPU.Build.0 = Debug|Any CPU
		{5FD799D7-82FE-4AB3-A7E9-256A514AFAE8}.Release|Any CPU.ActiveCfg = Release|Any CPU
		{5FD799D7-82FE-4AB3-A7E9-256A514AFAE8}.Release|Any CPU.Build.0 = Release|Any CPU
	EndGlobalSection
	GlobalSection(SolutionProperties) = preSolution
		HideSolutionNode = FALSE
	EndGlobalSection
	GlobalSection(ExtensibilityGlobals) = postSolution
		SolutionGuid = {623EBE29-2EA2-444A-91DD-2CAEA8B2CEB4}
	EndGlobalSection
EndGlobal
